
Microsoft Visual Studio Solution File, Format Version 12.00
# Visual Studio Version 17
VisualStudioVersion = 17.4.33205.214
MinimumVisualStudioVersion = 10.0.40219.1
Project("{FAE04EC0-301F-11D3-BF4B-00C04F79EFBC}") = "GUI", "GUI.csproj", "{F720AC6F-479A-4009-BBDE-B40FD93B7C5F}"
EndProject
Global
	GlobalSection(SolutionConfigurationPlatforms) = preSolution
		Debug|Any CPU = Debug|Any CPU
		Release|Any CPU = Release|Any CPU
	EndGlobalSection
	GlobalSection(ProjectConfigurationPlatforms) = postSolution
		{F720AC6F-479A-4009-BBDE-B40FD93B7C5F}.Debug|Any CPU.ActiveCfg = Debug|Any CPU
		{F720AC6F-479A-4009-BBDE-B40FD93B7C5F}.Debug|Any CPU.Build.0 = Debug|Any CPU
		{F720AC6F-479A-4009-BBDE-B40FD93B7C5F}.Release|Any CPU.ActiveCfg = Release|Any CPU
		{F720AC6F-479A-4009-BBDE-B40FD93B7C5F}.Release|Any CPU.Build.0 = Release|Any CPU
	EndGlobalSection
	GlobalSection(SolutionProperties) = preSolution
		HideSolutionNode = FALSE
	EndGlobalSection
	GlobalSection(ExtensibilityGlobals) = postSolution
		SolutionGuid = {DE2C8A7D-EE41-4686-8BDB-43C7E2738133}
	EndGlobalSection
EndGlobal
